
Microsoft Visual Studio Solution File, Format Version 12.00
# Visual Studio Version 17
VisualStudioVersion = 17.9.34728.123
MinimumVisualStudioVersion = 10.0.40219.1
Project("{9A19103F-16F7-4668-BE54-9A1E7A4F7556}") = "Examination.Web", "Examination.Web\Examination.Web.csproj", "{34E14C87-BAA3-42EA-9E8E-BD249FC3DEF7}"
EndProject
Project("{9A19103F-16F7-4668-BE54-9A1E7A4F7556}") = "Examination.Data", "Examination.Data\Examination.Data.csproj", "{4BF0398C-93C1-42E3-BEE3-1E8E5D64B849}"
EndProject
Project("{FAE04EC0-301F-11D3-BF4B-00C04F79EFBC}") = "Examination.ViewModel", "Examination.ViewModel\Examination.ViewModel.csproj", "{24018D12-6874-4585-B3B1-CEAFA55352E0}"
EndProject
Project("{FAE04EC0-301F-11D3-BF4B-00C04F79EFBC}") = "Examination.BLL", "Examination.BLL\Examination.BLL.csproj", "{7CE0FF56-8E36-4561-B5C4-F6E65084B01E}"
EndProject
Global
	GlobalSection(SolutionConfigurationPlatforms) = preSolution
		Debug|Any CPU = Debug|Any CPU
		Release|Any CPU = Release|Any CPU
	EndGlobalSection
	GlobalSection(ProjectConfigurationPlatforms) = postSolution
		{34E14C87-BAA3-42EA-9E8E-BD249FC3DEF7}.Debug|Any CPU.ActiveCfg = Debug|Any CPU
		{34E14C87-BAA3-42EA-9E8E-BD249FC3DEF7}.Debug|Any CPU.Build.0 = Debug|Any CPU
		{34E14C87-BAA3-42EA-9E8E-BD249FC3DEF7}.Release|Any CPU.ActiveCfg = Release|Any CPU
		{34E14C87-BAA3-42EA-9E8E-BD249FC3DEF7}.Release|Any CPU.Build.0 = Release|Any CPU
		{4BF0398C-93C1-42E3-BEE3-1E8E5D64B849}.Debug|Any CPU.ActiveCfg = Debug|Any CPU
		{4BF0398C-93C1-42E3-BEE3-1E8E5D64B849}.Debug|Any CPU.Build.0 = Debug|Any CPU
		{4BF0398C-93C1-42E3-BEE3-1E8E5D64B849}.Release|Any CPU.ActiveCfg = Release|Any CPU
		{4BF0398C-93C1-42E3-BEE3-1E8E5D64B849}.Release|Any CPU.Build.0 = Release|Any CPU
		{24018D12-6874-4585-B3B1-CEAFA55352E0}.Debug|Any CPU.ActiveCfg = Debug|Any CPU
		{24018D12-6874-4585-B3B1-CEAFA55352E0}.Debug|Any CPU.Build.0 = Debug|Any CPU
		{24018D12-6874-4585-B3B1-CEAFA55352E0}.Release|Any CPU.ActiveCfg = Release|Any CPU
		{24018D12-6874-4585-B3B1-CEAFA55352E0}.Release|Any CPU.Build.0 = Release|Any CPU
		{7CE0FF56-8E36-4561-B5C4-F6E65084B01E}.Debug|Any CPU.ActiveCfg = Debug|Any CPU
		{7CE0FF56-8E36-4561-B5C4-F6E65084B01E}.Debug|Any CPU.Build.0 = Debug|Any CPU
		{7CE0FF56-8E36-4561-B5C4-F6E65084B01E}.Release|Any CPU.ActiveCfg = Release|Any CPU
		{7CE0FF56-8E36-4561-B5C4-F6E65084B01E}.Release|Any CPU.Build.0 = Release|Any CPU
	EndGlobalSection
	GlobalSection(SolutionProperties) = preSolution
		HideSolutionNode = FALSE
	EndGlobalSection
	GlobalSection(ExtensibilityGlobals) = postSolution
		SolutionGuid = {4F090898-39D3-4FEA-8D20-598C939955CB}
	EndGlobalSection
EndGlobal
